
Microsoft Visual Studio Solution File, Format Version 12.00
# Visual Studio Version 17
VisualStudioVersion = 17.1.32210.238
MinimumVisualStudioVersion = 10.0.40219.1
Project("{FAE04EC0-301F-11D3-BF4B-00C04F79EFBC}") = "AppProyectoFinal", "AppProyectoFinal\AppProyectoFinal.csproj", "{8EF7F08E-D1A6-4CAF-9C9A-561B15CC6740}"
EndProject
Global
	GlobalSection(SolutionConfigurationPlatforms) = preSolution
		Debug|Any CPU = Debug|Any CPU
		Release|Any CPU = Release|Any CPU
	EndGlobalSection
	GlobalSection(ProjectConfigurationPlatforms) = postSolution
		{8EF7F08E-D1A6-4CAF-9C9A-561B15CC6740}.Debug|Any CPU.ActiveCfg = Debug|Any CPU
		{8EF7F08E-D1A6-4CAF-9C9A-561B15CC6740}.Debug|Any CPU.Build.0 = Debug|Any CPU
		{8EF7F08E-D1A6-4CAF-9C9A-561B15CC6740}.Release|Any CPU.ActiveCfg = Release|Any CPU
		{8EF7F08E-D1A6-4CAF-9C9A-561B15CC6740}.Release|Any CPU.Build.0 = Release|Any CPU
	EndGlobalSection
	GlobalSection(SolutionProperties) = preSolution
		HideSolutionNode = FALSE
	EndGlobalSection
	GlobalSection(ExtensibilityGlobals) = postSolution
		SolutionGuid = {0FB6199D-C385-4AB9-952B-DB7F42406024}
	EndGlobalSection
EndGlobal
